{
  "version": 4,
  "terraform_version": "1.3.1",
  "serial": 142,
  "lineage": "f1f90d2f-18e3-c5a3-0402-43b000b16259",
  "outputs": {},
  "resources": [
    {
      "mode": "managed",
      "type": "aws_kms_alias",
      "name": "a",
      "provider": "provider[\"registry.terraform.io/hashicorp/aws\"]",
      "instances": [
        {
          "schema_version": 0,
          "attributes": {
            "arn": "arn:aws:kms:us-east-1:314569938762:alias/my-key-alias",
            "id": "alias/my-key-alias",
            "name": "alias/my-key-alias",
            "name_prefix": "",
            "target_key_arn": "arn:aws:kms:us-east-1:314569938762:key/ab243eda-830c-4f0f-9d50-c489f4c16265",
            "target_key_id": "ab243eda-830c-4f0f-9d50-c489f4c16265"
          },
          "sensitive_attributes": [],
          "private": "bnVsbA==",
          "dependencies": [
            "aws_kms_key.a"
          ]
        }
      ]
    },
    {
      "mode": "managed",
      "type": "aws_kms_key",
      "name": "a",
      "provider": "provider[\"registry.terraform.io/hashicorp/aws\"]",
      "instances": [
        {
          "schema_version": 0,
          "attributes": {
            "arn": "arn:aws:kms:us-east-1:314569938762:key/ab243eda-830c-4f0f-9d50-c489f4c16265",
            "bypass_policy_lockout_safety_check": false,
            "custom_key_store_id": "",
            "customer_master_key_spec": "SYMMETRIC_DEFAULT",
            "deletion_window_in_days": null,
            "description": "",
            "enable_key_rotation": false,
            "id": "ab243eda-830c-4f0f-9d50-c489f4c16265",
            "is_enabled": true,
            "key_id": "ab243eda-830c-4f0f-9d50-c489f4c16265",
            "key_usage": "ENCRYPT_DECRYPT",
            "multi_region": false,
            "policy": "{\"Id\":\"key-default-1\",\"Statement\":[{\"Action\":\"kms:*\",\"Effect\":\"Allow\",\"Principal\":{\"AWS\":\"arn:aws:iam::314569938762:root\"},\"Resource\":\"*\",\"Sid\":\"Enable IAM User Permissions\"}],\"Version\":\"2012-10-17\"}",
            "tags": null,
            "tags_all": {}
          },
          "sensitive_attributes": [],
          "private": "bnVsbA=="
        }
      ]
    }
  ],
  "check_results": []
}
